
Microsoft Visual Studio Solution File, Format Version 12.00
# Visual Studio Version 17
VisualStudioVersion = 17.3.32804.467
MinimumVisualStudioVersion = 10.0.40219.1
Project("{FAE04EC0-301F-11D3-BF4B-00C04F79EFBC}") = "Planeterne", "Planeterne\Planeterne.csproj", "{459C4724-B2FE-4357-8566-FF53A5DD784C}"
EndProject
Global
	GlobalSection(SolutionConfigurationPlatforms) = preSolution
		Debug|Any CPU = Debug|Any CPU
		Release|Any CPU = Release|Any CPU
	EndGlobalSection
	GlobalSection(ProjectConfigurationPlatforms) = postSolution
		{459C4724-B2FE-4357-8566-FF53A5DD784C}.Debug|Any CPU.ActiveCfg = Debug|Any CPU
		{459C4724-B2FE-4357-8566-FF53A5DD784C}.Debug|Any CPU.Build.0 = Debug|Any CPU
		{459C4724-B2FE-4357-8566-FF53A5DD784C}.Release|Any CPU.ActiveCfg = Release|Any CPU
		{459C4724-B2FE-4357-8566-FF53A5DD784C}.Release|Any CPU.Build.0 = Release|Any CPU
	EndGlobalSection
	GlobalSection(SolutionProperties) = preSolution
		HideSolutionNode = FALSE
	EndGlobalSection
	GlobalSection(ExtensibilityGlobals) = postSolution
		SolutionGuid = {00ADC251-793B-4865-A25F-9D9AD1FA075F}
	EndGlobalSection
EndGlobal
